lock_version: 1
lock_name: mvp20-module-lock
modules:
  contracts:
    repo: https://github.com/shenfanjie5-bit/project-ult-contracts.git
    commit: 70aed35ac94c5cf15af566d8d257deda5bcc41f9
  data-platform:
    repo: https://github.com/shenfanjie5-bit/project-ult-data-platform.git
    commit: e1635b5185c1e2b8d0fc2a9796263b1dacac1afa
  entity-registry:
    repo: https://github.com/shenfanjie5-bit/project-ult-entity-registry.git
    commit: ad00cb726ad0576330756f37bf2155a43e4b0e71
  reasoner-runtime:
    repo: https://github.com/shenfanjie5-bit/project-ult-reasoner-runtime.git
    commit: 9bc01d87c954071d58ba692be0a4b392e4eb9efa
  graph-engine:
    repo: https://github.com/shenfanjie5-bit/project-ult-graph-engine.git
    commit: 14a35c77c0f46071d6f925298745fe5d60d2fa4b
  main-core:
    repo: https://github.com/shenfanjie5-bit/project-ult-main-core.git
    commit: efaa4f62027401ee85d1a20095ab4f7ff29e6994
  audit-eval:
    repo: https://github.com/shenfanjie5-bit/project-ult-audit-eval.git
    commit: 0a94ec6b6ea0be548fee2f9d4801372b4631f82d
  subsystem-sdk:
    repo: https://github.com/shenfanjie5-bit/project-ult-subsystem-sdk.git
    commit: 8d18ccb1877d4243196412322654ab2e8e9d999a
  orchestrator:
    repo: https://github.com/shenfanjie5-bit/project-ult-orchestrator.git
    commit: 947a3a06cfb8c448bf8423bb23ada4147057c57f
  assembly:
    repo: https://github.com/shenfanjie5-bit/project-ult-assembly.git
    commit: 556446ac85db5529fa6a9a6137ab869d79e2b7df
  frontend-api:
    repo: https://github.com/shenfanjie5-bit/project-ult-frontend-api.git
    commit: b358ace2f23fa01290ccd66f98e596d45dc9d21d
  subsystem-announcement:
    repo: https://github.com/shenfanjie5-bit/project-ult-subsystem-announcement.git
    commit: 7083ae4a4876fed65d9bcbf818590e4a4c2d0a77
  subsystem-news:
    repo: https://github.com/shenfanjie5-bit/project-ult-subsystem-news.git
    commit: 413a5701148c173934fad742621ccd7cbd05bd4b
  subsystem-holdings:
    repo: https://github.com/shenfanjie5-bit/project-ult-subsystem-holdings.git
    commit: c6b51846c806af61145ad7a81adf614d914a5491
